<?xml version="1.0" encoding="utf-8"?>
<Project ToolsVersion="4.0" xmlns="http://schemas.microsoft.com/developer/msbuild/2003">
  <ItemGroup>
    <Filter Include="Source Files">
      <UniqueIdentifier>{4FC737F1-C7A5-4376-A066-2A32D752A2FF}</UniqueIdentifier>
      <Extensions>cpp;c;cc;cxx;def;odl;idl;hpj;bat;asm;asmx</Extensions>
    </Filter>
    <Filter Include="Header Files">
      <UniqueIdentifier>{93995380-89BD-4b04-88EB-625FBE52EBFB}</UniqueIdentifier>
      <Extensions>h;hh;hpp;hxx;hm;inl;inc;xsd</Extensions>
    </Filter>
    <Filter Include="Resource Files">
      <UniqueIdentifier>{D9D6E242-F8AF-46E4-B9FD-80ECBC20BA3E}</UniqueIdentifier>
      <Extensions>qrc;*</Extensions>
      <ParseFiles>false</ParseFiles>
    </Filter>
    <Filter Include="Resource Files">
      <UniqueIdentifier>{D9D6E242-F8AF-46E4-B9FD-80ECBC20BA3E}</UniqueIdentifier>
      <Extensions>qrc;*</Extensions>
      <ParseFiles>false</ParseFiles>
    </Filter>
    <Filter Include="Generated Files">
      <UniqueIdentifier>{71ED8ED8-ACB9-4CE9-BBE1-E00B30144E11}</UniqueIdentifier>
      <Extensions>moc;h;cpp</Extensions>
      <SourceControlFiles>False</SourceControlFiles>
    </Filter>
  </ItemGroup>
  <ItemGroup>
    <ClCompile Include="QAsyncSerialPort.cpp">
      <Filter>Source Files</Filter>
    </ClCompile>
    <ClCompile Include="QSerialBuffer.cpp">
      <Filter>Source Files</Filter>
    </ClCompile>
    <ClCompile Include="QSerialDevice.cpp">
      <Filter>Source Files</Filter>
    </ClCompile>
    <ClCompile Include="SerialCommand.cpp">
      <Filter>Source Files</Filter>
    </ClCompile>
    <ClCompile Include="SerialCommandArg.cpp">
      <Filter>Source Files</Filter>
    </ClCompile>
    <ClCompile Include="SerialMessages.cpp">
      <Filter>Source Files</Filter>
    </ClCompile>
    <ClCompile Include="SerialOperationMode.cpp">
      <Filter>Source Files</Filter>
    </ClCompile>
    <ClCompile Include="SerialPortSettings.cpp">
      <Filter>Source Files</Filter>
    </ClCompile>
    <ClCompile Include="SerialResponseMatcher.cpp">
      <Filter>Source Files</Filter>
    </ClCompile>
    <ClCompile Include="QMatchSerialPort.cpp">
      <Filter>Source Files</Filter>
    </ClCompile>
    <ClCompile Include="DefaultSerialPortSettings.cpp">
      <Filter>Source Files</Filter>
    </ClCompile>
    <ClCompile Include="QSerialResponseProcessor.cpp">
      <Filter>Source Files</Filter>
    </ClCompile>
  </ItemGroup>
  <ItemGroup>
    <ClInclude Include="ArgType.h">
      <Filter>Header Files</Filter>
    </ClInclude>
    <ClInclude Include="SerialCommand.h">
      <Filter>Header Files</Filter>
    </ClInclude>
    <ClInclude Include="SerialCommandArg.h">
      <Filter>Header Files</Filter>
    </ClInclude>
    <ClInclude Include="SerialMessageFactory.h">
      <Filter>Header Files</Filter>
    </ClInclude>
    <ClInclude Include="SerialMessages.h">
      <Filter>Header Files</Filter>
    </ClInclude>
    <ClInclude Include="SerialOperationMode.h">
      <Filter>Header Files</Filter>
    </ClInclude>
    <ClInclude Include="SerialPortSettings.h">
      <Filter>Header Files</Filter>
    </ClInclude>
    <ClInclude Include="SerialResponseMatcher.h">
      <Filter>Header Files</Filter>
    </ClInclude>
    <ClInclude Include="IOType.h">
      <Filter>Header Files</Filter>
    </ClInclude>
    <ClInclude Include="BaudRate.h">
      <Filter>Header Files</Filter>
    </ClInclude>
    <ClInclude Include="DefaultSerialPortSettings.h">
      <Filter>Header Files</Filter>
    </ClInclude>
    <ClInclude Include="SerialCommandFactory.h">
      <Filter>Header Files</Filter>
    </ClInclude>
    <ClInclude Include="MatchType.h">
      <Filter>Header Files</Filter>
    </ClInclude>
  </ItemGroup>
  <ItemGroup>
    <ClInclude Include="qtserialcommands_global.h">
      <Filter>Header Files</Filter>
    </ClInclude>
  </ItemGroup>
  <ItemGroup>
    <QtMoc Include="QSerialDevice.h">
      <Filter>Header Files</Filter>
    </QtMoc>
    <QtMoc Include="QMatchSerialPort.h">
      <Filter>Header Files</Filter>
    </QtMoc>
    <QtMoc Include="QAsyncSerialPort.h">
      <Filter>Header Files</Filter>
    </QtMoc>
    <QtMoc Include="QSerialBuffer.h">
      <Filter>Header Files</Filter>
    </QtMoc>
    <QtMoc Include="QSerialResponseProcessor.h">
      <Filter>Header Files</Filter>
    </QtMoc>
  </ItemGroup>
</Project>